
Microsoft Visual Studio Solution File, Format Version 12.00
# Visual Studio Version 16
VisualStudioVersion = 16.0.31424.327
MinimumVisualStudioVersion = 10.0.40219.1
Project("{FAE04EC0-301F-11D3-BF4B-00C04F79EFBC}") = "BankLibrary", "BankLibrary\BankLibrary.csproj", "{F26961A5-37B8-44CE-B6A8-D211BE5D510D}"
EndProject
Project("{FAE04EC0-301F-11D3-BF4B-00C04F79EFBC}") = "BankFormsApp", "BankFormsApp\BankFormsApp.csproj", "{6038CB9D-DF4C-456C-8A41-EFA93CE349D4}"
EndProject
Global
	GlobalSection(SolutionConfigurationPlatforms) = preSolution
		Debug|Any CPU = Debug|Any CPU
		Release|Any CPU = Release|Any CPU
	EndGlobalSection
	GlobalSection(ProjectConfigurationPlatforms) = postSolution
		{F26961A5-37B8-44CE-B6A8-D211BE5D510D}.Debug|Any CPU.ActiveCfg = Debug|Any CPU
		{F26961A5-37B8-44CE-B6A8-D211BE5D510D}.Debug|Any CPU.Build.0 = Debug|Any CPU
		{F26961A5-37B8-44CE-B6A8-D211BE5D510D}.Release|Any CPU.ActiveCfg = Release|Any CPU
		{F26961A5-37B8-44CE-B6A8-D211BE5D510D}.Release|Any CPU.Build.0 = Release|Any CPU
		{6038CB9D-DF4C-456C-8A41-EFA93CE349D4}.Debug|Any CPU.ActiveCfg = Debug|Any CPU
		{6038CB9D-DF4C-456C-8A41-EFA93CE349D4}.Debug|Any CPU.Build.0 = Debug|Any CPU
		{6038CB9D-DF4C-456C-8A41-EFA93CE349D4}.Release|Any CPU.ActiveCfg = Release|Any CPU
		{6038CB9D-DF4C-456C-8A41-EFA93CE349D4}.Release|Any CPU.Build.0 = Release|Any CPU
	EndGlobalSection
	GlobalSection(SolutionProperties) = preSolution
		HideSolutionNode = FALSE
	EndGlobalSection
	GlobalSection(ExtensibilityGlobals) = postSolution
		SolutionGuid = {8456547D-DB85-41A8-A505-024B9EAE855D}
	EndGlobalSection
EndGlobal
